
Microsoft Visual Studio Solution File, Format Version 12.00
# Visual Studio 15
VisualStudioVersion = 15.0.27703.2035
MinimumVisualStudioVersion = 10.0.40219.1
Project("{FAE04EC0-301F-11D3-BF4B-00C04F79EFBC}") = "BarbershopThreadSyncVanilla", "BarbershopThreadSyncVanilla\BarbershopThreadSyncVanilla.csproj", "{D8D42944-F435-47FE-9EC4-C78007E999A2}"
EndProject
Global
	GlobalSection(SolutionConfigurationPlatforms) = preSolution
		Debug|Any CPU = Debug|Any CPU
		Release|Any CPU = Release|Any CPU
	EndGlobalSection
	GlobalSection(ProjectConfigurationPlatforms) = postSolution
		{D8D42944-F435-47FE-9EC4-C78007E999A2}.Debug|Any CPU.ActiveCfg = Debug|Any CPU
		{D8D42944-F435-47FE-9EC4-C78007E999A2}.Debug|Any CPU.Build.0 = Debug|Any CPU
		{D8D42944-F435-47FE-9EC4-C78007E999A2}.Release|Any CPU.ActiveCfg = Release|Any CPU
		{D8D42944-F435-47FE-9EC4-C78007E999A2}.Release|Any CPU.Build.0 = Release|Any CPU
	EndGlobalSection
	GlobalSection(SolutionProperties) = preSolution
		HideSolutionNode = FALSE
	EndGlobalSection
	GlobalSection(ExtensibilityGlobals) = postSolution
		SolutionGuid = {9A8A5387-3897-4C42-ADFA-87F1C5B48AA0}
	EndGlobalSection
EndGlobal
